
Microsoft Visual Studio Solution File, Format Version 12.00
# Visual Studio Version 16
VisualStudioVersion = 16.0.31112.23
MinimumVisualStudioVersion = 10.0.40219.1
Project("{9A19103F-16F7-4668-BE54-9A1E7A4F7556}") = "CardsApp", "CardsApp\CardsApp.csproj", "{77CE18C5-7A51-4133-B840-47E8AEF12ACC}"
EndProject
Global
	GlobalSection(SolutionConfigurationPlatforms) = preSolution
		Debug|Any CPU = Debug|Any CPU
		Debug|x64 = Debug|x64
		Release|Any CPU = Release|Any CPU
		Release|x64 = Release|x64
	EndGlobalSection
	GlobalSection(ProjectConfigurationPlatforms) = postSolution
		{77CE18C5-7A51-4133-B840-47E8AEF12ACC}.Debug|Any CPU.ActiveCfg = Debug|Any CPU
		{77CE18C5-7A51-4133-B840-47E8AEF12ACC}.Debug|Any CPU.Build.0 = Debug|Any CPU
		{77CE18C5-7A51-4133-B840-47E8AEF12ACC}.Debug|x64.ActiveCfg = Debug|x64
		{77CE18C5-7A51-4133-B840-47E8AEF12ACC}.Debug|x64.Build.0 = Debug|x64
		{77CE18C5-7A51-4133-B840-47E8AEF12ACC}.Release|Any CPU.ActiveCfg = Release|Any CPU
		{77CE18C5-7A51-4133-B840-47E8AEF12ACC}.Release|Any CPU.Build.0 = Release|Any CPU
		{77CE18C5-7A51-4133-B840-47E8AEF12ACC}.Release|x64.ActiveCfg = Release|x64
		{77CE18C5-7A51-4133-B840-47E8AEF12ACC}.Release|x64.Build.0 = Release|x64
	EndGlobalSection
	GlobalSection(SolutionProperties) = preSolution
		HideSolutionNode = FALSE
	EndGlobalSection
	GlobalSection(ExtensibilityGlobals) = postSolution
		SolutionGuid = {84116D1B-1D19-40DE-8110-284C3A9E0DA7}
	EndGlobalSection
EndGlobal
